// !$*UTF8*$!
{
	archiveVersion = 1;
	classes = {
	};
	objectVersion = 50;
	objects = {

/* Begin PBXBuildFile section */
		4539DAAA24335BDC00BE0B52 /* AppDelegate.swift in Sources */ = {isa = PBXBuildFile; fileRef = 4539DAA924335BDC00BE0B52 /* AppDelegate.swift */; };
		4539DAAC24335BDC00BE0B52 /* SceneDelegate.swift in Sources */ = {isa = PBXBuildFile; fileRef = 4539DAAB24335BDC00BE0B52 /* SceneDelegate.swift */; };
		4539DAB324335BDD00BE0B52 /* Assets.xcassets in Resources */ = {isa = PBXBuildFile; fileRef = 4539DAB224335BDD00BE0B52 /* Assets.xcassets */; };
		4539DAB624335BDD00BE0B52 /* LaunchScreen.storyboard in Resources */ = {isa = PBXBuildFile; fileRef = 4539DAB424335BDD00BE0B52 /* LaunchScreen.storyboard */; };
		4539DAC124335BDE00BE0B52 /* Firestore_Sample_TodoTests.swift in Sources */ = {isa = PBXBuildFile; fileRef = 4539DAC024335BDE00BE0B52 /* Firestore_Sample_TodoTests.swift */; };
		45947F9B246020750089C793 /* Todo.swift in Sources */ = {isa = PBXBuildFile; fileRef = 45947F9A246020750089C793 /* Todo.swift */; };
		45947F9E24603C7E0089C793 /* ListViewController.swift in Sources */ = {isa = PBXBuildFile; fileRef = 45947F9C24603C7E0089C793 /* ListViewController.swift */; };
		45947F9F24603C7E0089C793 /* ListViewController.xib in Resources */ = {isa = PBXBuildFile; fileRef = 45947F9D24603C7E0089C793 /* ListViewController.xib */; };
		45947FA224603E0E0089C793 /* ListViewCell.swift in Sources */ = {isa = PBXBuildFile; fileRef = 45947FA024603E0E0089C793 /* ListViewCell.swift */; };
		45947FA324603E0E0089C793 /* ListViewCell.xib in Resources */ = {isa = PBXBuildFile; fileRef = 45947FA124603E0E0089C793 /* ListViewCell.xib */; };
		45947FA524603FC50089C793 /* TodoListPagingViewController.swift in Sources */ = {isa = PBXBuildFile; fileRef = 45947FA424603FC50089C793 /* TodoListPagingViewController.swift */; };
		45947FA7246059690089C793 /* Array+.swift in Sources */ = {isa = PBXBuildFile; fileRef = 45947FA6246059690089C793 /* Array+.swift */; };
		45E8535D245F0CF1009E35C1 /* TodoListViewController.storyboard in Resources */ = {isa = PBXBuildFile; fileRef = 45E8535C245F0CF1009E35C1 /* TodoListViewController.storyboard */; };
		45E8535F245F0CFF009E35C1 /* TodoListViewController.swift in Sources */ = {isa = PBXBuildFile; fileRef = 45E8535E245F0CFF009E35C1 /* TodoListViewController.swift */; };
		45E85361245F0F08009E35C1 /* FireStoreRepository.swift in Sources */ = {isa = PBXBuildFile; fileRef = 45E85360245F0F08009E35C1 /* FireStoreRepository.swift */; };
		45E85364245F35A7009E35C1 /* CategoryHeaderView.swift in Sources */ = {isa = PBXBuildFile; fileRef = 45E85363245F35A7009E35C1 /* CategoryHeaderView.swift */; };
		45E85366245F35B0009E35C1 /* CategoryHeaderView.xib in Resources */ = {isa = PBXBuildFile; fileRef = 45E85365245F35B0009E35C1 /* CategoryHeaderView.xib */; };
		45E8536A245F36CD009E35C1 /* CategoryHeaderCell.swift in Sources */ = {isa = PBXBuildFile; fileRef = 45E85368245F36CD009E35C1 /* CategoryHeaderCell.swift */; };
		45E8536B245F36CD009E35C1 /* CategoryHeaderCell.xib in Resources */ = {isa = PBXBuildFile; fileRef = 45E85369245F36CD009E35C1 /* CategoryHeaderCell.xib */; };
/* End PBXBuildFile section */

/* Begin PBXContainerItemProxy section */
		4539DABD24335BDE00BE0B52 /* PBXContainerItemProxy */ = {
			isa = PBXContainerItemProxy;
			containerPortal = 4539DA9E24335BDC00BE0B52 /* Project object */;
			proxyType = 1;
			remoteGlobalIDString = 4539DAA524335BDC00BE0B52;
			remoteInfo = "Firestore-Sample-Todo";
		};
/* End PBXContainerItemProxy section */

/* Begin PBXFileReference section */
		4539DAA624335BDC00BE0B52 /* Firestore-Sample-Todo.app */ = {isa = PBXFileReference; explicitFileType = wrapper.application; includeInIndex = 0; path = "Firestore-Sample-Todo.app"; sourceTree = BUILT_PRODUCTS_DIR; };
		4539DAA924335BDC00BE0B52 /* AppDelegate.swift */ = {isa = PBXFileReference; lastKnownFileType = sourcecode.swift; path = AppDelegate.swift; sourceTree = "<group>"; };
		4539DAAB24335BDC00BE0B52 /* SceneDelegate.swift */ = {isa = PBXFileReference; lastKnownFileType = sourcecode.swift; path = SceneDelegate.swift; sourceTree = "<group>"; };
		4539DAB224335BDD00BE0B52 /* Assets.xcassets */ = {isa = PBXFileReference; lastKnownFileType = folder.assetcatalog; path = Assets.xcassets; sourceTree = "<group>"; };
		4539DAB524335BDD00BE0B52 /* Base */ = {isa = PBXFileReference; lastKnownFileType = file.storyboard; name = Base; path = Base.lproj/LaunchScreen.storyboard; sourceTree = "<group>"; };
		4539DAB724335BDD00BE0B52 /* Info.plist */ = {isa = PBXFileReference; lastKnownFileType = text.plist.xml; path = Info.plist; sourceTree = "<group>"; };
		4539DABC24335BDE00BE0B52 /* Firestore-Sample-TodoTests.xctest */ = {isa = PBXFileReference; explicitFileType = wrapper.cfbundle; includeInIndex = 0; path = "Firestore-Sample-TodoTests.xctest"; sourceTree = BUILT_PRODUCTS_DIR; };
		4539DAC024335BDE00BE0B52 /* Firestore_Sample_TodoTests.swift */ = {isa = PBXFileReference; lastKnownFileType = sourcecode.swift; path = Firestore_Sample_TodoTests.swift; sourceTree = "<group>"; };
		4539DAC224335BDE00BE0B52 /* Info.plist */ = {isa = PBXFileReference; lastKnownFileType = text.plist.xml; path = Info.plist; sourceTree = "<group>"; };
		45947F9A246020750089C793 /* Todo.swift */ = {isa = PBXFileReference; lastKnownFileType = sourcecode.swift; path = Todo.swift; sourceTree = "<group>"; };
		45947F9C24603C7E0089C793 /* ListViewController.swift */ = {isa = PBXFileReference; lastKnownFileType = sourcecode.swift; path = ListViewController.swift; sourceTree = "<group>"; };
		45947F9D24603C7E0089C793 /* ListViewController.xib */ = {isa = PBXFileReference; lastKnownFileType = file.xib; path = ListViewController.xib; sourceTree = "<group>"; };
		45947FA024603E0E0089C793 /* ListViewCell.swift */ = {isa = PBXFileReference; lastKnownFileType = sourcecode.swift; path = ListViewCell.swift; sourceTree = "<group>"; };
		45947FA124603E0E0089C793 /* ListViewCell.xib */ = {isa = PBXFileReference; lastKnownFileType = file.xib; path = ListViewCell.xib; sourceTree = "<group>"; };
		45947FA424603FC50089C793 /* TodoListPagingViewController.swift */ = {isa = PBXFileReference; lastKnownFileType = sourcecode.swift; path = TodoListPagingViewController.swift; sourceTree = "<group>"; };
		45947FA6246059690089C793 /* Array+.swift */ = {isa = PBXFileReference; lastKnownFileType = sourcecode.swift; path = "Array+.swift"; sourceTree = "<group>"; };
		45E8535C245F0CF1009E35C1 /* TodoListViewController.storyboard */ = {isa = PBXFileReference; lastKnownFileType = file.storyboard; path = TodoListViewController.storyboard; sourceTree = "<group>"; };
		45E8535E245F0CFF009E35C1 /* TodoListViewController.swift */ = {isa = PBXFileReference; lastKnownFileType = sourcecode.swift; path = TodoListViewController.swift; sourceTree = "<group>"; };
		45E85360245F0F08009E35C1 /* FireStoreRepository.swift */ = {isa = PBXFileReference; lastKnownFileType = sourcecode.swift; path = FireStoreRepository.swift; sourceTree = "<group>"; };
		45E85363245F35A7009E35C1 /* CategoryHeaderView.swift */ = {isa = PBXFileReference; lastKnownFileType = sourcecode.swift; path = CategoryHeaderView.swift; sourceTree = "<group>"; };
		45E85365245F35B0009E35C1 /* CategoryHeaderView.xib */ = {isa = PBXFileReference; lastKnownFileType = file.xib; path = CategoryHeaderView.xib; sourceTree = "<group>"; };
		45E85368245F36CD009E35C1 /* CategoryHeaderCell.swift */ = {isa = PBXFileReference; lastKnownFileType = sourcecode.swift; path = CategoryHeaderCell.swift; sourceTree = "<group>"; };
		45E85369245F36CD009E35C1 /* CategoryHeaderCell.xib */ = {isa = PBXFileReference; lastKnownFileType = file.xib; path = CategoryHeaderCell.xib; sourceTree = "<group>"; };
/* End PBXFileReference section */

/* Begin PBXFrameworksBuildPhase section */
		4539DAA324335BDC00BE0B52 /* Frameworks */ = {
			isa = PBXFrameworksBuildPhase;
			buildActionMask = 2147483647;
			files = (
			);
			runOnlyForDeploymentPostprocessing = 0;
		};
		4539DAB924335BDE00BE0B52 /* Frameworks */ = {
			isa = PBXFrameworksBuildPhase;
			buildActionMask = 2147483647;
			files = (
			);
			runOnlyForDeploymentPostprocessing = 0;
		};
/* End PBXFrameworksBuildPhase section */

/* Begin PBXGroup section */
		4539DA9D24335BDC00BE0B52 = {
			isa = PBXGroup;
			children = (
				4539DAA824335BDC00BE0B52 /* Firestore-Sample-Todo */,
				4539DABF24335BDE00BE0B52 /* Firestore-Sample-TodoTests */,
				4539DAA724335BDC00BE0B52 /* Products */,
			);
			sourceTree = "<group>";
		};
		4539DAA724335BDC00BE0B52 /* Products */ = {
			isa = PBXGroup;
			children = (
				4539DAA624335BDC00BE0B52 /* Firestore-Sample-Todo.app */,
				4539DABC24335BDE00BE0B52 /* Firestore-Sample-TodoTests.xctest */,
			);
			name = Products;
			sourceTree = "<group>";
		};
		4539DAA824335BDC00BE0B52 /* Firestore-Sample-Todo */ = {
			isa = PBXGroup;
			children = (
				45E8535A245F0CBD009E35C1 /* Model */,
				45E85359245F0CBA009E35C1 /* View */,
				45E85358245F0CB8009E35C1 /* ViewModel */,
				4539DAA924335BDC00BE0B52 /* AppDelegate.swift */,
				4539DAAB24335BDC00BE0B52 /* SceneDelegate.swift */,
				4539DAB224335BDD00BE0B52 /* Assets.xcassets */,
				4539DAB424335BDD00BE0B52 /* LaunchScreen.storyboard */,
				4539DAB724335BDD00BE0B52 /* Info.plist */,
				45947FA6246059690089C793 /* Array+.swift */,
			);
			path = "Firestore-Sample-Todo";
			sourceTree = "<group>";
		};
		4539DABF24335BDE00BE0B52 /* Firestore-Sample-TodoTests */ = {
			isa = PBXGroup;
			children = (
				4539DAC024335BDE00BE0B52 /* Firestore_Sample_TodoTests.swift */,
				4539DAC224335BDE00BE0B52 /* Info.plist */,
			);
			path = "Firestore-Sample-TodoTests";
			sourceTree = "<group>";
		};
		45947FA824605EDE0089C793 /* TodoListViewController */ = {
			isa = PBXGroup;
			children = (
				45E8535C245F0CF1009E35C1 /* TodoListViewController.storyboard */,
				45E8535E245F0CFF009E35C1 /* TodoListViewController.swift */,
				45947FA424603FC50089C793 /* TodoListPagingViewController.swift */,
			);
			path = TodoListViewController;
			sourceTree = "<group>";
		};
		45947FA924605EEA0089C793 /* ListViewController */ = {
			isa = PBXGroup;
			children = (
				45947F9C24603C7E0089C793 /* ListViewController.swift */,
				45947F9D24603C7E0089C793 /* ListViewController.xib */,
				45947FA024603E0E0089C793 /* ListViewCell.swift */,
				45947FA124603E0E0089C793 /* ListViewCell.xib */,
			);
			path = ListViewController;
			sourceTree = "<group>";
		};
		45E85358245F0CB8009E35C1 /* ViewModel */ = {
			isa = PBXGroup;
			children = (
			);
			path = ViewModel;
			sourceTree = "<group>";
		};
		45E85359245F0CBA009E35C1 /* View */ = {
			isa = PBXGroup;
			children = (
				45947FA824605EDE0089C793 /* TodoListViewController */,
				45947FA924605EEA0089C793 /* ListViewController */,
				45E85362245F34C7009E35C1 /* CustomView */,
			);
			path = View;
			sourceTree = "<group>";
		};
		45E8535A245F0CBD009E35C1 /* Model */ = {
			isa = PBXGroup;
			children = (
				45E85360245F0F08009E35C1 /* FireStoreRepository.swift */,
				45947F9A246020750089C793 /* Todo.swift */,
			);
			path = Model;
			sourceTree = "<group>";
		};
		45E85362245F34C7009E35C1 /* CustomView */ = {
			isa = PBXGroup;
			children = (
				45E85367245F36A4009E35C1 /* CategoryHeader */,
			);
			path = CustomView;
			sourceTree = "<group>";
		};
		45E85367245F36A4009E35C1 /* CategoryHeader */ = {
			isa = PBXGroup;
			children = (
				45E85363245F35A7009E35C1 /* CategoryHeaderView.swift */,
				45E85365245F35B0009E35C1 /* CategoryHeaderView.xib */,
				45E85368245F36CD009E35C1 /* CategoryHeaderCell.swift */,
				45E85369245F36CD009E35C1 /* CategoryHeaderCell.xib */,
			);
			path = CategoryHeader;
			sourceTree = "<group>";
		};
/* End PBXGroup section */

/* Begin PBXNativeTarget section */
		4539DAA524335BDC00BE0B52 /* Firestore-Sample-Todo */ = {
			isa = PBXNativeTarget;
			buildConfigurationList = 4539DAC524335BDE00BE0B52 /* Build configuration list for PBXNativeTarget "Firestore-Sample-Todo" */;
			buildPhases = (
				4539DAA224335BDC00BE0B52 /* Sources */,
				4539DAA324335BDC00BE0B52 /* Frameworks */,
				4539DAA424335BDC00BE0B52 /* Resources */,
			);
			buildRules = (
			);
			dependencies = (
			);
			name = "Firestore-Sample-Todo";
			productName = "Firestore-Sample-Todo";
			productReference = 4539DAA624335BDC00BE0B52 /* Firestore-Sample-Todo.app */;
			productType = "com.apple.product-type.application";
		};
		4539DABB24335BDE00BE0B52 /* Firestore-Sample-TodoTests */ = {
			isa = PBXNativeTarget;
			buildConfigurationList = 4539DAC824335BDE00BE0B52 /* Build configuration list for PBXNativeTarget "Firestore-Sample-TodoTests" */;
			buildPhases = (
				4539DAB824335BDE00BE0B52 /* Sources */,
				4539DAB924335BDE00BE0B52 /* Frameworks */,
				4539DABA24335BDE00BE0B52 /* Resources */,
			);
			buildRules = (
			);
			dependencies = (
				4539DABE24335BDE00BE0B52 /* PBXTargetDependency */,
			);
			name = "Firestore-Sample-TodoTests";
			productName = "Firestore-Sample-TodoTests";
			productReference = 4539DABC24335BDE00BE0B52 /* Firestore-Sample-TodoTests.xctest */;
			productType = "com.apple.product-type.bundle.unit-test";
		};
/* End PBXNativeTarget section */

/* Begin PBXProject section */
		4539DA9E24335BDC00BE0B52 /* Project object */ = {
			isa = PBXProject;
			attributes = {
				LastSwiftUpdateCheck = 1140;
				LastUpgradeCheck = 1140;
				ORGANIZATIONNAME = kawaharadai;
				TargetAttributes = {
					4539DAA524335BDC00BE0B52 = {
						CreatedOnToolsVersion = 11.4;
					};
					4539DABB24335BDE00BE0B52 = {
						CreatedOnToolsVersion = 11.4;
						TestTargetID = 4539DAA524335BDC00BE0B52;
					};
				};
			};
			buildConfigurationList = 4539DAA124335BDC00BE0B52 /* Build configuration list for PBXProject "Firestore-Sample-Todo" */;
			compatibilityVersion = "Xcode 9.3";
			developmentRegion = en;
			hasScannedForEncodings = 0;
			knownRegions = (
				en,
				Base,
			);
			mainGroup = 4539DA9D24335BDC00BE0B52;
			productRefGroup = 4539DAA724335BDC00BE0B52 /* Products */;
			projectDirPath = "";
			projectRoot = "";
			targets = (
				4539DAA524335BDC00BE0B52 /* Firestore-Sample-Todo */,
				4539DABB24335BDE00BE0B52 /* Firestore-Sample-TodoTests */,
			);
		};
/* End PBXProject section */

/* Begin PBXResourcesBuildPhase section */
		4539DAA424335BDC00BE0B52 /* Resources */ = {
			isa = PBXResourcesBuildPhase;
			buildActionMask = 2147483647;
			files = (
				4539DAB624335BDD00BE0B52 /* LaunchScreen.storyboard in Resources */,
				45947FA324603E0E0089C793 /* ListViewCell.xib in Resources */,
				45E85366245F35B0009E35C1 /* CategoryHeaderView.xib in Resources */,
				45947F9F24603C7E0089C793 /* ListViewController.xib in Resources */,
				45E8536B245F36CD009E35C1 /* CategoryHeaderCell.xib in Resources */,
				4539DAB324335BDD00BE0B52 /* Assets.xcassets in Resources */,
				45E8535D245F0CF1009E35C1 /* TodoListViewController.storyboard in Resources */,
			);
			runOnlyForDeploymentPostprocessing = 0;
		};
		4539DABA24335BDE00BE0B52 /* Resources */ = {
			isa = PBXResourcesBuildPhase;
			buildActionMask = 2147483647;
			files = (
			);
			runOnlyForDeploymentPostprocessing = 0;
		};
/* End PBXResourcesBuildPhase section */

/* Begin PBXSourcesBuildPhase section */
		4539DAA224335BDC00BE0B52 /* Sources */ = {
			isa = PBXSourcesBuildPhase;
			buildActionMask = 2147483647;
			files = (
				45947F9B246020750089C793 /* Todo.swift in Sources */,
				45947FA7246059690089C793 /* Array+.swift in Sources */,
				45E8536A245F36CD009E35C1 /* CategoryHeaderCell.swift in Sources */,
				45947FA524603FC50089C793 /* TodoListPagingViewController.swift in Sources */,
				45E8535F245F0CFF009E35C1 /* TodoListViewController.swift in Sources */,
				45E85364245F35A7009E35C1 /* CategoryHeaderView.swift in Sources */,
				4539DAAA24335BDC00BE0B52 /* AppDelegate.swift in Sources */,
				4539DAAC24335BDC00BE0B52 /* SceneDelegate.swift in Sources */,
				45947F9E24603C7E0089C793 /* ListViewController.swift in Sources */,
				45947FA224603E0E0089C793 /* ListViewCell.swift in Sources */,
				45E85361245F0F08009E35C1 /* FireStoreRepository.swift in Sources */,
			);
			runOnlyForDeploymentPostprocessing = 0;
		};
		4539DAB824335BDE00BE0B52 /* Sources */ = {
			isa = PBXSourcesBuildPhase;
			buildActionMask = 2147483647;
			files = (
				4539DAC124335BDE00BE0B52 /* Firestore_Sample_TodoTests.swift in Sources */,
			);
			runOnlyForDeploymentPostprocessing = 0;
		};
/* End PBXSourcesBuildPhase section */

/* Begin PBXTargetDependency section */
		4539DABE24335BDE00BE0B52 /* PBXTargetDependency */ = {
			isa = PBXTargetDependency;
			target = 4539DAA524335BDC00BE0B52 /* Firestore-Sample-Todo */;
			targetProxy = 4539DABD24335BDE00BE0B52 /* PBXContainerItemProxy */;
		};
/* End PBXTargetDependency section */

/* Begin PBXVariantGroup section */
		4539DAB424335BDD00BE0B52 /* LaunchScreen.storyboard */ = {
			isa = PBXVariantGroup;
			children = (
				4539DAB524335BDD00BE0B52 /* Base */,
			);
			name = LaunchScreen.storyboard;
			sourceTree = "<group>";
		};
/* End PBXVariantGroup section */

/* Begin XCBuildConfiguration section */
		4539DAC324335BDE00BE0B52 /* Debug */ = {
			isa = XCBuildConfiguration;
			buildSettings = {
				ALWAYS_SEARCH_USER_PATHS = NO;
				CLANG_ANALYZER_NONNULL = YES;
				CLANG_ANALYZER_NUMBER_OBJECT_CONVERSION = YES_AGGRESSIVE;
				CLANG_CXX_LANGUAGE_STANDARD = "gnu++14";
				CLANG_CXX_LIBRARY = "libc++";
				CLANG_ENABLE_MODULES = YES;
				CLANG_ENABLE_OBJC_ARC = YES;
				CLANG_ENABLE_OBJC_WEAK = YES;
				CLANG_WARN_BLOCK_CAPTURE_AUTORELEASING = YES;
				CLANG_WARN_BOOL_CONVERSION = YES;
				CLANG_WARN_COMMA = YES;
				CLANG_WARN_CONSTANT_CONVERSION = YES;
				CLANG_WARN_DEPRECATED_OBJC_IMPLEMENTATIONS = YES;
				CLANG_WARN_DIRECT_OBJC_ISA_USAGE = YES_ERROR;
				CLANG_WARN_DOCUMENTATION_COMMENTS = YES;
				CLANG_WARN_EMPTY_BODY = YES;
				CLANG_WARN_ENUM_CONVERSION = YES;
				CLANG_WARN_INFINITE_RECURSION = YES;
				CLANG_WARN_INT_CONVERSION = YES;
				CLANG_WARN_NON_LITERAL_NULL_CONVERSION = YES;
				CLANG_WARN_OBJC_IMPLICIT_RETAIN_SELF = YES;
				CLANG_WARN_OBJC_LITERAL_CONVERSION = YES;
				CLANG_WARN_OBJC_ROOT_CLASS = YES_ERROR;
				CLANG_WARN_RANGE_LOOP_ANALYSIS = YES;
				CLANG_WARN_STRICT_PROTOTYPES = YES;
				CLANG_WARN_SUSPICIOUS_MOVE = YES;
				CLANG_WARN_UNGUARDED_AVAILABILITY = YES_AGGRESSIVE;
				CLANG_WARN_UNREACHABLE_CODE = YES;
				CLANG_WARN__DUPLICATE_METHOD_MATCH = YES;
				COPY_PHASE_STRIP = NO;
				DEBUG_INFORMATION_FORMAT = dwarf;
				ENABLE_STRICT_OBJC_MSGSEND = YES;
				ENABLE_TESTABILITY = YES;
				GCC_C_LANGUAGE_STANDARD = gnu11;
				GCC_DYNAMIC_NO_PIC = NO;
				GCC_NO_COMMON_BLOCKS = YES;
				GCC_OPTIMIZATION_LEVEL = 0;
				GCC_PREPROCESSOR_DEFINITIONS = (
					"DEBUG=1",
					"$(inherited)",
				);
				GCC_WARN_64_TO_32_BIT_CONVERSION = YES;
				GCC_WARN_ABOUT_RETURN_TYPE = YES_ERROR;
				GCC_WARN_UNDECLARED_SELECTOR = YES;
				GCC_WARN_UNINITIALIZED_AUTOS = YES_AGGRESSIVE;
				GCC_WARN_UNUSED_FUNCTION = YES;
				GCC_WARN_UNUSED_VARIABLE = YES;
				IPHONEOS_DEPLOYMENT_TARGET = 13.4;
				MTL_ENABLE_DEBUG_INFO = INCLUDE_SOURCE;
				MTL_FAST_MATH = YES;
				ONLY_ACTIVE_ARCH = YES;
				SDKROOT = iphoneos;
				SWIFT_ACTIVE_COMPILATION_CONDITIONS = DEBUG;
				SWIFT_OPTIMIZATION_LEVEL = "-Onone";
			};
			name = Debug;
		};
		4539DAC424335BDE00BE0B52 /* Release */ = {
			isa = XCBuildConfiguration;
			buildSettings = {
				ALWAYS_SEARCH_USER_PATHS = NO;
				CLANG_ANALYZER_NONNULL = YES;
				CLANG_ANALYZER_NUMBER_OBJECT_CONVERSION = YES_AGGRESSIVE;
				CLANG_CXX_LANGUAGE_STANDARD = "gnu++14";
				CLANG_CXX_LIBRARY = "libc++";
				CLANG_ENABLE_MODULES = YES;
				CLANG_ENABLE_OBJC_ARC = YES;
				CLANG_ENABLE_OBJC_WEAK = YES;
				CLANG_WARN_BLOCK_CAPTURE_AUTORELEASING = YES;
				CLANG_WARN_BOOL_CONVERSION = YES;
				CLANG_WARN_COMMA = YES;
				CLANG_WARN_CONSTANT_CONVERSION = YES;
				CLANG_WARN_DEPRECATED_OBJC_IMPLEMENTATIONS = YES;
				CLANG_WARN_DIRECT_OBJC_ISA_USAGE = YES_ERROR;
				CLANG_WARN_DOCUMENTATION_COMMENTS = YES;
				CLANG_WARN_EMPTY_BODY = YES;
				CLANG_WARN_ENUM_CONVERSION = YES;
				CLANG_WARN_INFINITE_RECURSION = YES;
				CLANG_WARN_INT_CONVERSION = YES;
				CLANG_WARN_NON_LITERAL_NULL_CONVERSION = YES;
				CLANG_WARN_OBJC_IMPLICIT_RETAIN_SELF = YES;
				CLANG_WARN_OBJC_LITERAL_CONVERSION = YES;
				CLANG_WARN_OBJC_ROOT_CLASS = YES_ERROR;
				CLANG_WARN_RANGE_LOOP_ANALYSIS = YES;
				CLANG_WARN_STRICT_PROTOTYPES = YES;
				CLANG_WARN_SUSPICIOUS_MOVE = YES;
				CLANG_WARN_UNGUARDED_AVAILABILITY = YES_AGGRESSIVE;
				CLANG_WARN_UNREACHABLE_CODE = YES;
				CLANG_WARN__DUPLICATE_METHOD_MATCH = YES;
				COPY_PHASE_STRIP = NO;
				DEBUG_INFORMATION_FORMAT = "dwarf-with-dsym";
				ENABLE_NS_ASSERTIONS = NO;
				ENABLE_STRICT_OBJC_MSGSEND = YES;
				GCC_C_LANGUAGE_STANDARD = gnu11;
				GCC_NO_COMMON_BLOCKS = YES;
				GCC_WARN_64_TO_32_BIT_CONVERSION = YES;
				GCC_WARN_ABOUT_RETURN_TYPE = YES_ERROR;
				GCC_WARN_UNDECLARED_SELECTOR = YES;
				GCC_WARN_UNINITIALIZED_AUTOS = YES_AGGRESSIVE;
				GCC_WARN_UNUSED_FUNCTION = YES;
				GCC_WARN_UNUSED_VARIABLE = YES;
				IPHONEOS_DEPLOYMENT_TARGET = 13.4;
				MTL_ENABLE_DEBUG_INFO = NO;
				MTL_FAST_MATH = YES;
				SDKROOT = iphoneos;
				SWIFT_COMPILATION_MODE = wholemodule;
				SWIFT_OPTIMIZATION_LEVEL = "-O";
				VALIDATE_PRODUCT = YES;
			};
			name = Release;
		};
		4539DAC624335BDE00BE0B52 /* Debug */ = {
			isa = XCBuildConfiguration;
			buildSettings = {
				ASSETCATALOG_COMPILER_APPICON_NAME = AppIcon;
				CODE_SIGN_STYLE = Automatic;
				DEVELOPMENT_TEAM = LVR5UQEHBD;
				INFOPLIST_FILE = "Firestore-Sample-Todo/Info.plist";
				LD_RUNPATH_SEARCH_PATHS = (
					"$(inherited)",
					"@executable_path/Frameworks",
				);
				PRODUCT_BUNDLE_IDENTIFIER = "com.kawahara.Firestore-Sample-Todo";
				PRODUCT_NAME = "$(TARGET_NAME)";
				SWIFT_VERSION = 5.0;
				TARGETED_DEVICE_FAMILY = 1;
			};
			name = Debug;
		};
		4539DAC724335BDE00BE0B52 /* Release */ = {
			isa = XCBuildConfiguration;
			buildSettings = {
				ASSETCATALOG_COMPILER_APPICON_NAME = AppIcon;
				CODE_SIGN_STYLE = Automatic;
				DEVELOPMENT_TEAM = LVR5UQEHBD;
				INFOPLIST_FILE = "Firestore-Sample-Todo/Info.plist";
				LD_RUNPATH_SEARCH_PATHS = (
					"$(inherited)",
					"@executable_path/Frameworks",
				);
				PRODUCT_BUNDLE_IDENTIFIER = "com.kawahara.Firestore-Sample-Todo";
				PRODUCT_NAME = "$(TARGET_NAME)";
				SWIFT_VERSION = 5.0;
				TARGETED_DEVICE_FAMILY = 1;
			};
			name = Release;
		};
		4539DAC924335BDE00BE0B52 /* Debug */ = {
			isa = XCBuildConfiguration;
			buildSettings = {
				ALWAYS_EMBED_SWIFT_STANDARD_LIBRARIES = YES;
				BUNDLE_LOADER = "$(TEST_HOST)";
				CODE_SIGN_STYLE = Automatic;
				DEVELOPMENT_TEAM = LVR5UQEHBD;
				INFOPLIST_FILE = "Firestore-Sample-TodoTests/Info.plist";
				IPHONEOS_DEPLOYMENT_TARGET = 13.4;
				LD_RUNPATH_SEARCH_PATHS = (
					"$(inherited)",
					"@executable_path/Frameworks",
					"@loader_path/Frameworks",
				);
				PRODUCT_BUNDLE_IDENTIFIER = "com.kawahara.Firestore-Sample-TodoTests";
				PRODUCT_NAME = "$(TARGET_NAME)";
				SWIFT_VERSION = 5.0;
				TARGETED_DEVICE_FAMILY = "1,2";
				TEST_HOST = "$(BUILT_PRODUCTS_DIR)/Firestore-Sample-Todo.app/Firestore-Sample-Todo";
			};
			name = Debug;
		};
		4539DACA24335BDE00BE0B52 /* Release */ = {
			isa = XCBuildConfiguration;
			buildSettings = {
				ALWAYS_EMBED_SWIFT_STANDARD_LIBRARIES = YES;
				BUNDLE_LOADER = "$(TEST_HOST)";
				CODE_SIGN_STYLE = Automatic;
				DEVELOPMENT_TEAM = LVR5UQEHBD;
				INFOPLIST_FILE = "Firestore-Sample-TodoTests/Info.plist";
				IPHONEOS_DEPLOYMENT_TARGET = 13.4;
				LD_RUNPATH_SEARCH_PATHS = (
					"$(inherited)",
					"@executable_path/Frameworks",
					"@loader_path/Frameworks",
				);
				PRODUCT_BUNDLE_IDENTIFIER = "com.kawahara.Firestore-Sample-TodoTests";
				PRODUCT_NAME = "$(TARGET_NAME)";
				SWIFT_VERSION = 5.0;
				TARGETED_DEVICE_FAMILY = "1,2";
				TEST_HOST = "$(BUILT_PRODUCTS_DIR)/Firestore-Sample-Todo.app/Firestore-Sample-Todo";
			};
			name = Release;
		};
/* End XCBuildConfiguration section */

/* Begin XCConfigurationList section */
		4539DAA124335BDC00BE0B52 /* Build configuration list for PBXProject "Firestore-Sample-Todo" */ = {
			isa = XCConfigurationList;
			buildConfigurations = (
				4539DAC324335BDE00BE0B52 /* Debug */,
				4539DAC424335BDE00BE0B52 /* Release */,
			);
			defaultConfigurationIsVisible = 0;
			defaultConfigurationName = Release;
		};
		4539DAC524335BDE00BE0B52 /* Build configuration list for PBXNativeTarget "Firestore-Sample-Todo" */ = {
			isa = XCConfigurationList;
			buildConfigurations = (
				4539DAC624335BDE00BE0B52 /* Debug */,
				4539DAC724335BDE00BE0B52 /* Release */,
			);
			defaultConfigurationIsVisible = 0;
			defaultConfigurationName = Release;
		};
		4539DAC824335BDE00BE0B52 /* Build configuration list for PBXNativeTarget "Firestore-Sample-TodoTests" */ = {
			isa = XCConfigurationList;
			buildConfigurations = (
				4539DAC924335BDE00BE0B52 /* Debug */,
				4539DACA24335BDE00BE0B52 /* Release */,
			);
			defaultConfigurationIsVisible = 0;
			defaultConfigurationName = Release;
		};
/* End XCConfigurationList section */
	};
	rootObject = 4539DA9E24335BDC00BE0B52 /* Project object */;
}
